
Microsoft Visual Studio Solution File, Format Version 12.00
# Visual Studio 15
VisualStudioVersion = 15.0.28307.136
MinimumVisualStudioVersion = 10.0.40219.1
Project("{FAE04EC0-301F-11D3-BF4B-00C04F79EFBC}") = "Aut1", "Aut1\Aut1.csproj", "{328A1274-25EE-47AB-92AF-E92DC01C1836}"
EndProject
Global
	GlobalSection(SolutionConfigurationPlatforms) = preSolution
		Debug|Any CPU = Debug|Any CPU
		Release|Any CPU = Release|Any CPU
	EndGlobalSection
	GlobalSection(ProjectConfigurationPlatforms) = postSolution
		{328A1274-25EE-47AB-92AF-E92DC01C1836}.Debug|Any CPU.ActiveCfg = Debug|Any CPU
		{328A1274-25EE-47AB-92AF-E92DC01C1836}.Debug|Any CPU.Build.0 = Debug|Any CPU
		{328A1274-25EE-47AB-92AF-E92DC01C1836}.Release|Any CPU.ActiveCfg = Release|Any CPU
		{328A1274-25EE-47AB-92AF-E92DC01C1836}.Release|Any CPU.Build.0 = Release|Any CPU
	EndGlobalSection
	GlobalSection(SolutionProperties) = preSolution
		HideSolutionNode = FALSE
	EndGlobalSection
	GlobalSection(ExtensibilityGlobals) = postSolution
		SolutionGuid = {8D69B4D4-8546-415F-91BC-899303401DAF}
	EndGlobalSection
EndGlobal
